// !$*UTF8*$!
{
	archiveVersion = 1;
	classes = {
	};
	objectVersion = 51;
	objects = {

/* Begin PBXBuildFile section */
		237D322E06C5118B7887FF14 /* Pods_Notes.framework in Frameworks */ = {isa = PBXBuildFile; fileRef = B44757DFB050B06C688C41AD /* Pods_Notes.framework */; };
		8CE6B09302CF9A930DB84027 /* Pods_Notes_NotesUITests.framework in Frameworks */ = {isa = PBXBuildFile; fileRef = 3379AA08D355163327A1BD29 /* Pods_Notes_NotesUITests.framework */; };
		F5373C0925FDEF88001097E7 /* NewNoteVC.swift in Sources */ = {isa = PBXBuildFile; fileRef = F5373C0825FDEF88001097E7 /* NewNoteVC.swift */; };
		F537C8F325FCAAA100E546C4 /* CustomTableViewCell.swift in Sources */ = {isa = PBXBuildFile; fileRef = F537C8F225FCAAA100E546C4 /* CustomTableViewCell.swift */; };
		F59A040D25FBA48D00C87291 /* AppDelegate.swift in Sources */ = {isa = PBXBuildFile; fileRef = F59A040C25FBA48D00C87291 /* AppDelegate.swift */; };
		F59A040F25FBA48D00C87291 /* SceneDelegate.swift in Sources */ = {isa = PBXBuildFile; fileRef = F59A040E25FBA48D00C87291 /* SceneDelegate.swift */; };
		F59A041125FBA48D00C87291 /* ViewController.swift in Sources */ = {isa = PBXBuildFile; fileRef = F59A041025FBA48D00C87291 /* ViewController.swift */; };
		F59A041425FBA48D00C87291 /* Main.storyboard in Resources */ = {isa = PBXBuildFile; fileRef = F59A041225FBA48D00C87291 /* Main.storyboard */; };
		F59A041625FBA48E00C87291 /* Assets.xcassets in Resources */ = {isa = PBXBuildFile; fileRef = F59A041525FBA48E00C87291 /* Assets.xcassets */; };
		F59A041925FBA48E00C87291 /* LaunchScreen.storyboard in Resources */ = {isa = PBXBuildFile; fileRef = F59A041725FBA48E00C87291 /* LaunchScreen.storyboard */; };
		F59A042425FBA48E00C87291 /* NotesTests.swift in Sources */ = {isa = PBXBuildFile; fileRef = F59A042325FBA48E00C87291 /* NotesTests.swift */; };
		F59A042F25FBA48E00C87291 /* NotesUITests.swift in Sources */ = {isa = PBXBuildFile; fileRef = F59A042E25FBA48E00C87291 /* NotesUITests.swift */; };
		F59A044025FBB03100C87291 /* NoteModel.swift in Sources */ = {isa = PBXBuildFile; fileRef = F59A043F25FBB03100C87291 /* NoteModel.swift */; };
		F59A045825FBB7C300C87291 /* StorageManager.swift in Sources */ = {isa = PBXBuildFile; fileRef = F59A045725FBB7C300C87291 /* StorageManager.swift */; };
		FEA2248BF057BF5D2356F786 /* Pods_NotesTests.framework in Frameworks */ = {isa = PBXBuildFile; fileRef = 1F9716C7802E4802CBF2312B /* Pods_NotesTests.framework */; };
/* End PBXBuildFile section */

/* Begin PBXContainerItemProxy section */
		F59A042025FBA48E00C87291 /* PBXContainerItemProxy */ = {
			isa = PBXContainerItemProxy;
			containerPortal = F59A040125FBA48D00C87291 /* Project object */;
			proxyType = 1;
			remoteGlobalIDString = F59A040825FBA48D00C87291;
			remoteInfo = Notes;
		};
		F59A042B25FBA48E00C87291 /* PBXContainerItemProxy */ = {
			isa = PBXContainerItemProxy;
			containerPortal = F59A040125FBA48D00C87291 /* Project object */;
			proxyType = 1;
			remoteGlobalIDString = F59A040825FBA48D00C87291;
			remoteInfo = Notes;
		};
/* End PBXContainerItemProxy section */

/* Begin PBXFileReference section */
		1F9716C7802E4802CBF2312B /* Pods_NotesTests.framework */ = {isa = PBXFileReference; explicitFileType = wrapper.framework; includeInIndex = 0; path = Pods_NotesTests.framework; sourceTree = BUILT_PRODUCTS_DIR; };
		3379AA08D355163327A1BD29 /* Pods_Notes_NotesUITests.framework */ = {isa = PBXFileReference; explicitFileType = wrapper.framework; includeInIndex = 0; path = Pods_Notes_NotesUITests.framework; sourceTree = BUILT_PRODUCTS_DIR; };
		4180F70B66B9575D85AE16E8 /* Pods-NotesTests.release.xcconfig */ = {isa = PBXFileReference; includeInIndex = 1; lastKnownFileType = text.xcconfig; name = "Pods-NotesTests.release.xcconfig"; path = "Target Support Files/Pods-NotesTests/Pods-NotesTests.release.xcconfig"; sourceTree = "<group>"; };
		5975F55E7B3A21D2583EE89D /* Pods-Notes.release.xcconfig */ = {isa = PBXFileReference; includeInIndex = 1; lastKnownFileType = text.xcconfig; name = "Pods-Notes.release.xcconfig"; path = "Target Support Files/Pods-Notes/Pods-Notes.release.xcconfig"; sourceTree = "<group>"; };
		72F6DD228FAF82161B6E9F8C /* Pods-Notes-NotesUITests.release.xcconfig */ = {isa = PBXFileReference; includeInIndex = 1; lastKnownFileType = text.xcconfig; name = "Pods-Notes-NotesUITests.release.xcconfig"; path = "Target Support Files/Pods-Notes-NotesUITests/Pods-Notes-NotesUITests.release.xcconfig"; sourceTree = "<group>"; };
		82C03B2D9A60631CE78EDB78 /* Pods-Notes.debug.xcconfig */ = {isa = PBXFileReference; includeInIndex = 1; lastKnownFileType = text.xcconfig; name = "Pods-Notes.debug.xcconfig"; path = "Target Support Files/Pods-Notes/Pods-Notes.debug.xcconfig"; sourceTree = "<group>"; };
		B44757DFB050B06C688C41AD /* Pods_Notes.framework */ = {isa = PBXFileReference; explicitFileType = wrapper.framework; includeInIndex = 0; path = Pods_Notes.framework; sourceTree = BUILT_PRODUCTS_DIR; };
		E4DD76E58BEFDF49306C07B1 /* Pods-NotesTests.debug.xcconfig */ = {isa = PBXFileReference; includeInIndex = 1; lastKnownFileType = text.xcconfig; name = "Pods-NotesTests.debug.xcconfig"; path = "Target Support Files/Pods-NotesTests/Pods-NotesTests.debug.xcconfig"; sourceTree = "<group>"; };
		EA5143887FC131AB659E93ED /* Pods-Notes-NotesUITests.debug.xcconfig */ = {isa = PBXFileReference; includeInIndex = 1; lastKnownFileType = text.xcconfig; name = "Pods-Notes-NotesUITests.debug.xcconfig"; path = "Target Support Files/Pods-Notes-NotesUITests/Pods-Notes-NotesUITests.debug.xcconfig"; sourceTree = "<group>"; };
		F5373C0825FDEF88001097E7 /* NewNoteVC.swift */ = {isa = PBXFileReference; lastKnownFileType = sourcecode.swift; path = NewNoteVC.swift; sourceTree = "<group>"; };
		F537C8F225FCAAA100E546C4 /* CustomTableViewCell.swift */ = {isa = PBXFileReference; lastKnownFileType = sourcecode.swift; path = CustomTableViewCell.swift; sourceTree = "<group>"; };
		F59A040925FBA48D00C87291 /* Notes.app */ = {isa = PBXFileReference; explicitFileType = wrapper.application; includeInIndex = 0; path = Notes.app; sourceTree = BUILT_PRODUCTS_DIR; };
		F59A040C25FBA48D00C87291 /* AppDelegate.swift */ = {isa = PBXFileReference; lastKnownFileType = sourcecode.swift; path = AppDelegate.swift; sourceTree = "<group>"; };
		F59A040E25FBA48D00C87291 /* SceneDelegate.swift */ = {isa = PBXFileReference; lastKnownFileType = sourcecode.swift; path = SceneDelegate.swift; sourceTree = "<group>"; };
		F59A041025FBA48D00C87291 /* ViewController.swift */ = {isa = PBXFileReference; lastKnownFileType = sourcecode.swift; path = ViewController.swift; sourceTree = "<group>"; };
		F59A041325FBA48D00C87291 /* Base */ = {isa = PBXFileReference; lastKnownFileType = file.storyboard; name = Base; path = Base.lproj/Main.storyboard; sourceTree = "<group>"; };
		F59A041525FBA48E00C87291 /* Assets.xcassets */ = {isa = PBXFileReference; lastKnownFileType = folder.assetcatalog; path = Assets.xcassets; sourceTree = "<group>"; };
		F59A041825FBA48E00C87291 /* Base */ = {isa = PBXFileReference; lastKnownFileType = file.storyboard; name = Base; path = Base.lproj/LaunchScreen.storyboard; sourceTree = "<group>"; };
		F59A041A25FBA48E00C87291 /* Info.plist */ = {isa = PBXFileReference; lastKnownFileType = text.plist.xml; path = Info.plist; sourceTree = "<group>"; };
		F59A041F25FBA48E00C87291 /* NotesTests.xctest */ = {isa = PBXFileReference; explicitFileType = wrapper.cfbundle; includeInIndex = 0; path = NotesTests.xctest; sourceTree = BUILT_PRODUCTS_DIR; };
		F59A042325FBA48E00C87291 /* NotesTests.swift */ = {isa = PBXFileReference; lastKnownFileType = sourcecode.swift; path = NotesTests.swift; sourceTree = "<group>"; };
		F59A042525FBA48E00C87291 /* Info.plist */ = {isa = PBXFileReference; lastKnownFileType = text.plist.xml; path = Info.plist; sourceTree = "<group>"; };
		F59A042A25FBA48E00C87291 /* NotesUITests.xctest */ = {isa = PBXFileReference; explicitFileType = wrapper.cfbundle; includeInIndex = 0; path = NotesUITests.xctest; sourceTree = BUILT_PRODUCTS_DIR; };
		F59A042E25FBA48E00C87291 /* NotesUITests.swift */ = {isa = PBXFileReference; lastKnownFileType = sourcecode.swift; path = NotesUITests.swift; sourceTree = "<group>"; };
		F59A043025FBA48E00C87291 /* Info.plist */ = {isa = PBXFileReference; lastKnownFileType = text.plist.xml; path = Info.plist; sourceTree = "<group>"; };
		F59A043F25FBB03100C87291 /* NoteModel.swift */ = {isa = PBXFileReference; lastKnownFileType = sourcecode.swift; path = NoteModel.swift; sourceTree = "<group>"; };
		F59A045725FBB7C300C87291 /* StorageManager.swift */ = {isa = PBXFileReference; lastKnownFileType = sourcecode.swift; path = StorageManager.swift; sourceTree = "<group>"; };
/* End PBXFileReference section */

/* Begin PBXFrameworksBuildPhase section */
		F59A040625FBA48D00C87291 /* Frameworks */ = {
			isa = PBXFrameworksBuildPhase;
			buildActionMask = 2147483647;
			files = (
				237D322E06C5118B7887FF14 /* Pods_Notes.framework in Frameworks */,
			);
			runOnlyForDeploymentPostprocessing = 0;
		};
		F59A041C25FBA48E00C87291 /* Frameworks */ = {
			isa = PBXFrameworksBuildPhase;
			buildActionMask = 2147483647;
			files = (
				FEA2248BF057BF5D2356F786 /* Pods_NotesTests.framework in Frameworks */,
			);
			runOnlyForDeploymentPostprocessing = 0;
		};
		F59A042725FBA48E00C87291 /* Frameworks */ = {
			isa = PBXFrameworksBuildPhase;
			buildActionMask = 2147483647;
			files = (
				8CE6B09302CF9A930DB84027 /* Pods_Notes_NotesUITests.framework in Frameworks */,
			);
			runOnlyForDeploymentPostprocessing = 0;
		};
/* End PBXFrameworksBuildPhase section */

/* Begin PBXGroup section */
		F59A040025FBA48D00C87291 = {
			isa = PBXGroup;
			children = (
				F59A040B25FBA48D00C87291 /* Notes */,
				F59A042225FBA48E00C87291 /* NotesTests */,
				F59A042D25FBA48E00C87291 /* NotesUITests */,
				F59A040A25FBA48D00C87291 /* Products */,
				F7710D9352D5D136E1C687B4 /* Pods */,
				F74F037EF6D925155DAA5996 /* Frameworks */,
			);
			sourceTree = "<group>";
		};
		F59A040A25FBA48D00C87291 /* Products */ = {
			isa = PBXGroup;
			children = (
				F59A040925FBA48D00C87291 /* Notes.app */,
				F59A041F25FBA48E00C87291 /* NotesTests.xctest */,
				F59A042A25FBA48E00C87291 /* NotesUITests.xctest */,
			);
			name = Products;
			sourceTree = "<group>";
		};
		F59A040B25FBA48D00C87291 /* Notes */ = {
			isa = PBXGroup;
			children = (
				F59A040C25FBA48D00C87291 /* AppDelegate.swift */,
				F59A040E25FBA48D00C87291 /* SceneDelegate.swift */,
				F59A041025FBA48D00C87291 /* ViewController.swift */,
				F59A043F25FBB03100C87291 /* NoteModel.swift */,
				F5373C0825FDEF88001097E7 /* NewNoteVC.swift */,
				F59A041225FBA48D00C87291 /* Main.storyboard */,
				F537C8F225FCAAA100E546C4 /* CustomTableViewCell.swift */,
				F59A045725FBB7C300C87291 /* StorageManager.swift */,
				F59A041525FBA48E00C87291 /* Assets.xcassets */,
				F59A041725FBA48E00C87291 /* LaunchScreen.storyboard */,
				F59A041A25FBA48E00C87291 /* Info.plist */,
			);
			path = Notes;
			sourceTree = "<group>";
		};
		F59A042225FBA48E00C87291 /* NotesTests */ = {
			isa = PBXGroup;
			children = (
				F59A042325FBA48E00C87291 /* NotesTests.swift */,
				F59A042525FBA48E00C87291 /* Info.plist */,
			);
			path = NotesTests;
			sourceTree = "<group>";
		};
		F59A042D25FBA48E00C87291 /* NotesUITests */ = {
			isa = PBXGroup;
			children = (
				F59A042E25FBA48E00C87291 /* NotesUITests.swift */,
				F59A043025FBA48E00C87291 /* Info.plist */,
			);
			path = NotesUITests;
			sourceTree = "<group>";
		};
		F74F037EF6D925155DAA5996 /* Frameworks */ = {
			isa = PBXGroup;
			children = (
				B44757DFB050B06C688C41AD /* Pods_Notes.framework */,
				3379AA08D355163327A1BD29 /* Pods_Notes_NotesUITests.framework */,
				1F9716C7802E4802CBF2312B /* Pods_NotesTests.framework */,
			);
			name = Frameworks;
			sourceTree = "<group>";
		};
		F7710D9352D5D136E1C687B4 /* Pods */ = {
			isa = PBXGroup;
			children = (
				82C03B2D9A60631CE78EDB78 /* Pods-Notes.debug.xcconfig */,
				5975F55E7B3A21D2583EE89D /* Pods-Notes.release.xcconfig */,
				EA5143887FC131AB659E93ED /* Pods-Notes-NotesUITests.debug.xcconfig */,
				72F6DD228FAF82161B6E9F8C /* Pods-Notes-NotesUITests.release.xcconfig */,
				E4DD76E58BEFDF49306C07B1 /* Pods-NotesTests.debug.xcconfig */,
				4180F70B66B9575D85AE16E8 /* Pods-NotesTests.release.xcconfig */,
			);
			path = Pods;
			sourceTree = "<group>";
		};
/* End PBXGroup section */

/* Begin PBXNativeTarget section */
		F59A040825FBA48D00C87291 /* Notes */ = {
			isa = PBXNativeTarget;
			buildConfigurationList = F59A043325FBA48E00C87291 /* Build configuration list for PBXNativeTarget "Notes" */;
			buildPhases = (
				EC79F3FA21E8C5F0A219290F /* [CP] Check Pods Manifest.lock */,
				F59A040525FBA48D00C87291 /* Sources */,
				F59A040625FBA48D00C87291 /* Frameworks */,
				F59A040725FBA48D00C87291 /* Resources */,
				637847A991337300849981D0 /* [CP] Embed Pods Frameworks */,
			);
			buildRules = (
			);
			dependencies = (
			);
			name = Notes;
			productName = Notes;
			productReference = F59A040925FBA48D00C87291 /* Notes.app */;
			productType = "com.apple.product-type.application";
		};
		F59A041E25FBA48E00C87291 /* NotesTests */ = {
			isa = PBXNativeTarget;
			buildConfigurationList = F59A043625FBA48E00C87291 /* Build configuration list for PBXNativeTarget "NotesTests" */;
			buildPhases = (
				068B85F0850DF70551D73297 /* [CP] Check Pods Manifest.lock */,
				F59A041B25FBA48E00C87291 /* Sources */,
				F59A041C25FBA48E00C87291 /* Frameworks */,
				F59A041D25FBA48E00C87291 /* Resources */,
			);
			buildRules = (
			);
			dependencies = (
				F59A042125FBA48E00C87291 /* PBXTargetDependency */,
			);
			name = NotesTests;
			productName = NotesTests;
			productReference = F59A041F25FBA48E00C87291 /* NotesTests.xctest */;
			productType = "com.apple.product-type.bundle.unit-test";
		};
		F59A042925FBA48E00C87291 /* NotesUITests */ = {
			isa = PBXNativeTarget;
			buildConfigurationList = F59A043925FBA48E00C87291 /* Build configuration list for PBXNativeTarget "NotesUITests" */;
			buildPhases = (
				8EE0BBE280BF80A293A255BB /* [CP] Check Pods Manifest.lock */,
				F59A042625FBA48E00C87291 /* Sources */,
				F59A042725FBA48E00C87291 /* Frameworks */,
				F59A042825FBA48E00C87291 /* Resources */,
				AB308599C774106A4FCF66BE /* [CP] Embed Pods Frameworks */,
			);
			buildRules = (
			);
			dependencies = (
				F59A042C25FBA48E00C87291 /* PBXTargetDependency */,
			);
			name = NotesUITests;
			productName = NotesUITests;
			productReference = F59A042A25FBA48E00C87291 /* NotesUITests.xctest */;
			productType = "com.apple.product-type.bundle.ui-testing";
		};
/* End PBXNativeTarget section */

/* Begin PBXProject section */
		F59A040125FBA48D00C87291 /* Project object */ = {
			isa = PBXProject;
			attributes = {
				LastSwiftUpdateCheck = 1230;
				LastUpgradeCheck = 1230;
				TargetAttributes = {
					F59A040825FBA48D00C87291 = {
						CreatedOnToolsVersion = 12.3;
					};
					F59A041E25FBA48E00C87291 = {
						CreatedOnToolsVersion = 12.3;
						TestTargetID = F59A040825FBA48D00C87291;
					};
					F59A042925FBA48E00C87291 = {
						CreatedOnToolsVersion = 12.3;
						TestTargetID = F59A040825FBA48D00C87291;
					};
				};
			};
			buildConfigurationList = F59A040425FBA48D00C87291 /* Build configuration list for PBXProject "Notes" */;
			compatibilityVersion = "Xcode 9.3";
			developmentRegion = en;
			hasScannedForEncodings = 0;
			knownRegions = (
				en,
				Base,
			);
			mainGroup = F59A040025FBA48D00C87291;
			productRefGroup = F59A040A25FBA48D00C87291 /* Products */;
			projectDirPath = "";
			projectRoot = "";
			targets = (
				F59A040825FBA48D00C87291 /* Notes */,
				F59A041E25FBA48E00C87291 /* NotesTests */,
				F59A042925FBA48E00C87291 /* NotesUITests */,
			);
		};
/* End PBXProject section */

/* Begin PBXResourcesBuildPhase section */
		F59A040725FBA48D00C87291 /* Resources */ = {
			isa = PBXResourcesBuildPhase;
			buildActionMask = 2147483647;
			files = (
				F59A041925FBA48E00C87291 /* LaunchScreen.storyboard in Resources */,
				F59A041625FBA48E00C87291 /* Assets.xcassets in Resources */,
				F59A041425FBA48D00C87291 /* Main.storyboard in Resources */,
			);
			runOnlyForDeploymentPostprocessing = 0;
		};
		F59A041D25FBA48E00C87291 /* Resources */ = {
			isa = PBXResourcesBuildPhase;
			buildActionMask = 2147483647;
			files = (
			);
			runOnlyForDeploymentPostprocessing = 0;
		};
		F59A042825FBA48E00C87291 /* Resources */ = {
			isa = PBXResourcesBuildPhase;
			buildActionMask = 2147483647;
			files = (
			);
			runOnlyForDeploymentPostprocessing = 0;
		};
/* End PBXResourcesBuildPhase section */

/* Begin PBXShellScriptBuildPhase section */
		068B85F0850DF70551D73297 /* [CP] Check Pods Manifest.lock */ = {
			isa = PBXShellScriptBuildPhase;
			buildActionMask = 2147483647;
			files = (
			);
			inputFileListPaths = (
			);
			inputPaths = (
				"${PODS_PODFILE_DIR_PATH}/Podfile.lock",
				"${PODS_ROOT}/Manifest.lock",
			);
			name = "[CP] Check Pods Manifest.lock";
			outputFileListPaths = (
			);
			outputPaths = (
				"$(DERIVED_FILE_DIR)/Pods-NotesTests-checkManifestLockResult.txt",
			);
			runOnlyForDeploymentPostprocessing = 0;
			shellPath = /bin/sh;
			shellScript = "diff \"${PODS_PODFILE_DIR_PATH}/Podfile.lock\" \"${PODS_ROOT}/Manifest.lock\" > /dev/null\nif [ $? != 0 ] ; then\n    # print error to STDERR\n    echo \"error: The sandbox is not in sync with the Podfile.lock. Run 'pod install' or update your CocoaPods installation.\" >&2\n    exit 1\nfi\n# This output is used by Xcode 'outputs' to avoid re-running this script phase.\necho \"SUCCESS\" > \"${SCRIPT_OUTPUT_FILE_0}\"\n";
			showEnvVarsInLog = 0;
		};
		637847A991337300849981D0 /* [CP] Embed Pods Frameworks */ = {
			isa = PBXShellScriptBuildPhase;
			buildActionMask = 2147483647;
			files = (
			);
			inputFileListPaths = (
				"${PODS_ROOT}/Target Support Files/Pods-Notes/Pods-Notes-frameworks-${CONFIGURATION}-input-files.xcfilelist",
			);
			name = "[CP] Embed Pods Frameworks";
			outputFileListPaths = (
				"${PODS_ROOT}/Target Support Files/Pods-Notes/Pods-Notes-frameworks-${CONFIGURATION}-output-files.xcfilelist",
			);
			runOnlyForDeploymentPostprocessing = 0;
			shellPath = /bin/sh;
			shellScript = "\"${PODS_ROOT}/Target Support Files/Pods-Notes/Pods-Notes-frameworks.sh\"\n";
			showEnvVarsInLog = 0;
		};
		8EE0BBE280BF80A293A255BB /* [CP] Check Pods Manifest.lock */ = {
			isa = PBXShellScriptBuildPhase;
			buildActionMask = 2147483647;
			files = (
			);
			inputFileListPaths = (
			);
			inputPaths = (
				"${PODS_PODFILE_DIR_PATH}/Podfile.lock",
				"${PODS_ROOT}/Manifest.lock",
			);
			name = "[CP] Check Pods Manifest.lock";
			outputFileListPaths = (
			);
			outputPaths = (
				"$(DERIVED_FILE_DIR)/Pods-Notes-NotesUITests-checkManifestLockResult.txt",
			);
			runOnlyForDeploymentPostprocessing = 0;
			shellPath = /bin/sh;
			shellScript = "diff \"${PODS_PODFILE_DIR_PATH}/Podfile.lock\" \"${PODS_ROOT}/Manifest.lock\" > /dev/null\nif [ $? != 0 ] ; then\n    # print error to STDERR\n    echo \"error: The sandbox is not in sync with the Podfile.lock. Run 'pod install' or update your CocoaPods installation.\" >&2\n    exit 1\nfi\n# This output is used by Xcode 'outputs' to avoid re-running this script phase.\necho \"SUCCESS\" > \"${SCRIPT_OUTPUT_FILE_0}\"\n";
			showEnvVarsInLog = 0;
		};
		AB308599C774106A4FCF66BE /* [CP] Embed Pods Frameworks */ = {
			isa = PBXShellScriptBuildPhase;
			buildActionMask = 2147483647;
			files = (
			);
			inputFileListPaths = (
				"${PODS_ROOT}/Target Support Files/Pods-Notes-NotesUITests/Pods-Notes-NotesUITests-frameworks-${CONFIGURATION}-input-files.xcfilelist",
			);
			name = "[CP] Embed Pods Frameworks";
			outputFileListPaths = (
				"${PODS_ROOT}/Target Support Files/Pods-Notes-NotesUITests/Pods-Notes-NotesUITests-frameworks-${CONFIGURATION}-output-files.xcfilelist",
			);
			runOnlyForDeploymentPostprocessing = 0;
			shellPath = /bin/sh;
			shellScript = "\"${PODS_ROOT}/Target Support Files/Pods-Notes-NotesUITests/Pods-Notes-NotesUITests-frameworks.sh\"\n";
			showEnvVarsInLog = 0;
		};
		EC79F3FA21E8C5F0A219290F /* [CP] Check Pods Manifest.lock */ = {
			isa = PBXShellScriptBuildPhase;
			buildActionMask = 2147483647;
			files = (
			);
			inputFileListPaths = (
			);
			inputPaths = (
				"${PODS_PODFILE_DIR_PATH}/Podfile.lock",
				"${PODS_ROOT}/Manifest.lock",
			);
			name = "[CP] Check Pods Manifest.lock";
			outputFileListPaths = (
			);
			outputPaths = (
				"$(DERIVED_FILE_DIR)/Pods-Notes-checkManifestLockResult.txt",
			);
			runOnlyForDeploymentPostprocessing = 0;
			shellPath = /bin/sh;
			shellScript = "diff \"${PODS_PODFILE_DIR_PATH}/Podfile.lock\" \"${PODS_ROOT}/Manifest.lock\" > /dev/null\nif [ $? != 0 ] ; then\n    # print error to STDERR\n    echo \"error: The sandbox is not in sync with the Podfile.lock. Run 'pod install' or update your CocoaPods installation.\" >&2\n    exit 1\nfi\n# This output is used by Xcode 'outputs' to avoid re-running this script phase.\necho \"SUCCESS\" > \"${SCRIPT_OUTPUT_FILE_0}\"\n";
			showEnvVarsInLog = 0;
		};
/* End PBXShellScriptBuildPhase section */

/* Begin PBXSourcesBuildPhase section */
		F59A040525FBA48D00C87291 /* Sources */ = {
			isa = PBXSourcesBuildPhase;
			buildActionMask = 2147483647;
			files = (
				F537C8F325FCAAA100E546C4 /* CustomTableViewCell.swift in Sources */,
				F59A041125FBA48D00C87291 /* ViewController.swift in Sources */,
				F59A044025FBB03100C87291 /* NoteModel.swift in Sources */,
				F59A045825FBB7C300C87291 /* StorageManager.swift in Sources */,
				F59A040D25FBA48D00C87291 /* AppDelegate.swift in Sources */,
				F59A040F25FBA48D00C87291 /* SceneDelegate.swift in Sources */,
				F5373C0925FDEF88001097E7 /* NewNoteVC.swift in Sources */,
			);
			runOnlyForDeploymentPostprocessing = 0;
		};
		F59A041B25FBA48E00C87291 /* Sources */ = {
			isa = PBXSourcesBuildPhase;
			buildActionMask = 2147483647;
			files = (
				F59A042425FBA48E00C87291 /* NotesTests.swift in Sources */,
			);
			runOnlyForDeploymentPostprocessing = 0;
		};
		F59A042625FBA48E00C87291 /* Sources */ = {
			isa = PBXSourcesBuildPhase;
			buildActionMask = 2147483647;
			files = (
				F59A042F25FBA48E00C87291 /* NotesUITests.swift in Sources */,
			);
			runOnlyForDeploymentPostprocessing = 0;
		};
/* End PBXSourcesBuildPhase section */

/* Begin PBXTargetDependency section */
		F59A042125FBA48E00C87291 /* PBXTargetDependency */ = {
			isa = PBXTargetDependency;
			target = F59A040825FBA48D00C87291 /* Notes */;
			targetProxy = F59A042025FBA48E00C87291 /* PBXContainerItemProxy */;
		};
		F59A042C25FBA48E00C87291 /* PBXTargetDependency */ = {
			isa = PBXTargetDependency;
			target = F59A040825FBA48D00C87291 /* Notes */;
			targetProxy = F59A042B25FBA48E00C87291 /* PBXContainerItemProxy */;
		};
/* End PBXTargetDependency section */

/* Begin PBXVariantGroup section */
		F59A041225FBA48D00C87291 /* Main.storyboard */ = {
			isa = PBXVariantGroup;
			children = (
				F59A041325FBA48D00C87291 /* Base */,
			);
			name = Main.storyboard;
			sourceTree = "<group>";
		};
		F59A041725FBA48E00C87291 /* LaunchScreen.storyboard */ = {
			isa = PBXVariantGroup;
			children = (
				F59A041825FBA48E00C87291 /* Base */,
			);
			name = LaunchScreen.storyboard;
			sourceTree = "<group>";
		};
/* End PBXVariantGroup section */

/* Begin XCBuildConfiguration section */
		F59A043125FBA48E00C87291 /* Debug */ = {
			isa = XCBuildConfiguration;
			buildSettings = {
				ALWAYS_SEARCH_USER_PATHS = NO;
				CLANG_ANALYZER_NONNULL = YES;
				CLANG_ANALYZER_NUMBER_OBJECT_CONVERSION = YES_AGGRESSIVE;
				CLANG_CXX_LANGUAGE_STANDARD = "gnu++14";
				CLANG_CXX_LIBRARY = "libc++";
				CLANG_ENABLE_MODULES = YES;
				CLANG_ENABLE_OBJC_ARC = YES;
				CLANG_ENABLE_OBJC_WEAK = YES;
				CLANG_WARN_BLOCK_CAPTURE_AUTORELEASING = YES;
				CLANG_WARN_BOOL_CONVERSION = YES;
				CLANG_WARN_COMMA = YES;
				CLANG_WARN_CONSTANT_CONVERSION = YES;
				CLANG_WARN_DEPRECATED_OBJC_IMPLEMENTATIONS = YES;
				CLANG_WARN_DIRECT_OBJC_ISA_USAGE = YES_ERROR;
				CLANG_WARN_DOCUMENTATION_COMMENTS = YES;
				CLANG_WARN_EMPTY_BODY = YES;
				CLANG_WARN_ENUM_CONVERSION = YES;
				CLANG_WARN_INFINITE_RECURSION = YES;
				CLANG_WARN_INT_CONVERSION = YES;
				CLANG_WARN_NON_LITERAL_NULL_CONVERSION = YES;
				CLANG_WARN_OBJC_IMPLICIT_RETAIN_SELF = YES;
				CLANG_WARN_OBJC_LITERAL_CONVERSION = YES;
				CLANG_WARN_OBJC_ROOT_CLASS = YES_ERROR;
				CLANG_WARN_QUOTED_INCLUDE_IN_FRAMEWORK_HEADER = YES;
				CLANG_WARN_RANGE_LOOP_ANALYSIS = YES;
				CLANG_WARN_STRICT_PROTOTYPES = YES;
				CLANG_WARN_SUSPICIOUS_MOVE = YES;
				CLANG_WARN_UNGUARDED_AVAILABILITY = YES_AGGRESSIVE;
				CLANG_WARN_UNREACHABLE_CODE = YES;
				CLANG_WARN__DUPLICATE_METHOD_MATCH = YES;
				COPY_PHASE_STRIP = NO;
				DEBUG_INFORMATION_FORMAT = dwarf;
				ENABLE_STRICT_OBJC_MSGSEND = YES;
				ENABLE_TESTABILITY = YES;
				GCC_C_LANGUAGE_STANDARD = gnu11;
				GCC_DYNAMIC_NO_PIC = NO;
				GCC_NO_COMMON_BLOCKS = YES;
				GCC_OPTIMIZATION_LEVEL = 0;
				GCC_PREPROCESSOR_DEFINITIONS = (
					"DEBUG=1",
					"$(inherited)",
				);
				GCC_WARN_64_TO_32_BIT_CONVERSION = YES;
				GCC_WARN_ABOUT_RETURN_TYPE = YES_ERROR;
				GCC_WARN_UNDECLARED_SELECTOR = YES;
				GCC_WARN_UNINITIALIZED_AUTOS = YES_AGGRESSIVE;
				GCC_WARN_UNUSED_FUNCTION = YES;
				GCC_WARN_UNUSED_VARIABLE = YES;
				IPHONEOS_DEPLOYMENT_TARGET = 14.3;
				MTL_ENABLE_DEBUG_INFO = INCLUDE_SOURCE;
				MTL_FAST_MATH = YES;
				ONLY_ACTIVE_ARCH = YES;
				SDKROOT = iphoneos;
				SWIFT_ACTIVE_COMPILATION_CONDITIONS = DEBUG;
				SWIFT_OPTIMIZATION_LEVEL = "-Onone";
			};
			name = Debug;
		};
		F59A043225FBA48E00C87291 /* Release */ = {
			isa = XCBuildConfiguration;
			buildSettings = {
				ALWAYS_SEARCH_USER_PATHS = NO;
				CLANG_ANALYZER_NONNULL = YES;
				CLANG_ANALYZER_NUMBER_OBJECT_CONVERSION = YES_AGGRESSIVE;
				CLANG_CXX_LANGUAGE_STANDARD = "gnu++14";
				CLANG_CXX_LIBRARY = "libc++";
				CLANG_ENABLE_MODULES = YES;
				CLANG_ENABLE_OBJC_ARC = YES;
				CLANG_ENABLE_OBJC_WEAK = YES;
				CLANG_WARN_BLOCK_CAPTURE_AUTORELEASING = YES;
				CLANG_WARN_BOOL_CONVERSION = YES;
				CLANG_WARN_COMMA = YES;
				CLANG_WARN_CONSTANT_CONVERSION = YES;
				CLANG_WARN_DEPRECATED_OBJC_IMPLEMENTATIONS = YES;
				CLANG_WARN_DIRECT_OBJC_ISA_USAGE = YES_ERROR;
				CLANG_WARN_DOCUMENTATION_COMMENTS = YES;
				CLANG_WARN_EMPTY_BODY = YES;
				CLANG_WARN_ENUM_CONVERSION = YES;
				CLANG_WARN_INFINITE_RECURSION = YES;
				CLANG_WARN_INT_CONVERSION = YES;
				CLANG_WARN_NON_LITERAL_NULL_CONVERSION = YES;
				CLANG_WARN_OBJC_IMPLICIT_RETAIN_SELF = YES;
				CLANG_WARN_OBJC_LITERAL_CONVERSION = YES;
				CLANG_WARN_OBJC_ROOT_CLASS = YES_ERROR;
				CLANG_WARN_QUOTED_INCLUDE_IN_FRAMEWORK_HEADER = YES;
				CLANG_WARN_RANGE_LOOP_ANALYSIS = YES;
				CLANG_WARN_STRICT_PROTOTYPES = YES;
				CLANG_WARN_SUSPICIOUS_MOVE = YES;
				CLANG_WARN_UNGUARDED_AVAILABILITY = YES_AGGRESSIVE;
				CLANG_WARN_UNREACHABLE_CODE = YES;
				CLANG_WARN__DUPLICATE_METHOD_MATCH = YES;
				COPY_PHASE_STRIP = NO;
				DEBUG_INFORMATION_FORMAT = "dwarf-with-dsym";
				ENABLE_NS_ASSERTIONS = NO;
				ENABLE_STRICT_OBJC_MSGSEND = YES;
				GCC_C_LANGUAGE_STANDARD = gnu11;
				GCC_NO_COMMON_BLOCKS = YES;
				GCC_WARN_64_TO_32_BIT_CONVERSION = YES;
				GCC_WARN_ABOUT_RETURN_TYPE = YES_ERROR;
				GCC_WARN_UNDECLARED_SELECTOR = YES;
				GCC_WARN_UNINITIALIZED_AUTOS = YES_AGGRESSIVE;
				GCC_WARN_UNUSED_FUNCTION = YES;
				GCC_WARN_UNUSED_VARIABLE = YES;
				IPHONEOS_DEPLOYMENT_TARGET = 14.3;
				MTL_ENABLE_DEBUG_INFO = NO;
				MTL_FAST_MATH = YES;
				SDKROOT = iphoneos;
				SWIFT_COMPILATION_MODE = wholemodule;
				SWIFT_OPTIMIZATION_LEVEL = "-O";
				VALIDATE_PRODUCT = YES;
			};
			name = Release;
		};
		F59A043425FBA48E00C87291 /* Debug */ = {
			isa = XCBuildConfiguration;
			baseConfigurationReference = 82C03B2D9A60631CE78EDB78 /* Pods-Notes.debug.xcconfig */;
			buildSettings = {
				ASSETCATALOG_COMPILER_APPICON_NAME = AppIcon;
				ASSETCATALOG_COMPILER_GLOBAL_ACCENT_COLOR_NAME = AccentColor;
				CODE_SIGN_STYLE = Automatic;
				DEVELOPMENT_TEAM = 6PXD6WC3AQ;
				INFOPLIST_FILE = Notes/Info.plist;
				LD_RUNPATH_SEARCH_PATHS = (
					"$(inherited)",
					"@executable_path/Frameworks",
				);
				PRODUCT_BUNDLE_IDENTIFIER = CFTTASKNotes;
				PRODUCT_NAME = "$(TARGET_NAME)";
				SWIFT_VERSION = 5.0;
				TARGETED_DEVICE_FAMILY = "1,2";
			};
			name = Debug;
		};
		F59A043525FBA48E00C87291 /* Release */ = {
			isa = XCBuildConfiguration;
			baseConfigurationReference = 5975F55E7B3A21D2583EE89D /* Pods-Notes.release.xcconfig */;
			buildSettings = {
				ASSETCATALOG_COMPILER_APPICON_NAME = AppIcon;
				ASSETCATALOG_COMPILER_GLOBAL_ACCENT_COLOR_NAME = AccentColor;
				CODE_SIGN_STYLE = Automatic;
				DEVELOPMENT_TEAM = 6PXD6WC3AQ;
				INFOPLIST_FILE = Notes/Info.plist;
				LD_RUNPATH_SEARCH_PATHS = (
					"$(inherited)",
					"@executable_path/Frameworks",
				);
				PRODUCT_BUNDLE_IDENTIFIER = CFTTASKNotes;
				PRODUCT_NAME = "$(TARGET_NAME)";
				SWIFT_VERSION = 5.0;
				TARGETED_DEVICE_FAMILY = "1,2";
			};
			name = Release;
		};
		F59A043725FBA48E00C87291 /* Debug */ = {
			isa = XCBuildConfiguration;
			baseConfigurationReference = E4DD76E58BEFDF49306C07B1 /* Pods-NotesTests.debug.xcconfig */;
			buildSettings = {
				ALWAYS_EMBED_SWIFT_STANDARD_LIBRARIES = YES;
				BUNDLE_LOADER = "$(TEST_HOST)";
				CODE_SIGN_STYLE = Automatic;
				DEVELOPMENT_TEAM = 6PXD6WC3AQ;
				INFOPLIST_FILE = NotesTests/Info.plist;
				IPHONEOS_DEPLOYMENT_TARGET = 14.3;
				LD_RUNPATH_SEARCH_PATHS = (
					"$(inherited)",
					"@executable_path/Frameworks",
					"@loader_path/Frameworks",
				);
				PRODUCT_BUNDLE_IDENTIFIER = "-.NotesTests";
				PRODUCT_NAME = "$(TARGET_NAME)";
				SWIFT_VERSION = 5.0;
				TARGETED_DEVICE_FAMILY = "1,2";
				TEST_HOST = "$(BUILT_PRODUCTS_DIR)/Notes.app/Notes";
			};
			name = Debug;
		};
		F59A043825FBA48E00C87291 /* Release */ = {
			isa = XCBuildConfiguration;
			baseConfigurationReference = 4180F70B66B9575D85AE16E8 /* Pods-NotesTests.release.xcconfig */;
			buildSettings = {
				ALWAYS_EMBED_SWIFT_STANDARD_LIBRARIES = YES;
				BUNDLE_LOADER = "$(TEST_HOST)";
				CODE_SIGN_STYLE = Automatic;
				DEVELOPMENT_TEAM = 6PXD6WC3AQ;
				INFOPLIST_FILE = NotesTests/Info.plist;
				IPHONEOS_DEPLOYMENT_TARGET = 14.3;
				LD_RUNPATH_SEARCH_PATHS = (
					"$(inherited)",
					"@executable_path/Frameworks",
					"@loader_path/Frameworks",
				);
				PRODUCT_BUNDLE_IDENTIFIER = "-.NotesTests";
				PRODUCT_NAME = "$(TARGET_NAME)";
				SWIFT_VERSION = 5.0;
				TARGETED_DEVICE_FAMILY = "1,2";
				TEST_HOST = "$(BUILT_PRODUCTS_DIR)/Notes.app/Notes";
			};
			name = Release;
		};
		F59A043A25FBA48E00C87291 /* Debug */ = {
			isa = XCBuildConfiguration;
			baseConfigurationReference = EA5143887FC131AB659E93ED /* Pods-Notes-NotesUITests.debug.xcconfig */;
			buildSettings = {
				ALWAYS_EMBED_SWIFT_STANDARD_LIBRARIES = YES;
				CODE_SIGN_STYLE = Automatic;
				DEVELOPMENT_TEAM = 6PXD6WC3AQ;
				INFOPLIST_FILE = NotesUITests/Info.plist;
				LD_RUNPATH_SEARCH_PATHS = (
					"$(inherited)",
					"@executable_path/Frameworks",
					"@loader_path/Frameworks",
				);
				PRODUCT_BUNDLE_IDENTIFIER = "-.NotesUITests";
				PRODUCT_NAME = "$(TARGET_NAME)";
				SWIFT_VERSION = 5.0;
				TARGETED_DEVICE_FAMILY = "1,2";
				TEST_TARGET_NAME = Notes;
			};
			name = Debug;
		};
		F59A043B25FBA48E00C87291 /* Release */ = {
			isa = XCBuildConfiguration;
			baseConfigurationReference = 72F6DD228FAF82161B6E9F8C /* Pods-Notes-NotesUITests.release.xcconfig */;
			buildSettings = {
				ALWAYS_EMBED_SWIFT_STANDARD_LIBRARIES = YES;
				CODE_SIGN_STYLE = Automatic;
				DEVELOPMENT_TEAM = 6PXD6WC3AQ;
				INFOPLIST_FILE = NotesUITests/Info.plist;
				LD_RUNPATH_SEARCH_PATHS = (
					"$(inherited)",
					"@executable_path/Frameworks",
					"@loader_path/Frameworks",
				);
				PRODUCT_BUNDLE_IDENTIFIER = "-.NotesUITests";
				PRODUCT_NAME = "$(TARGET_NAME)";
				SWIFT_VERSION = 5.0;
				TARGETED_DEVICE_FAMILY = "1,2";
				TEST_TARGET_NAME = Notes;
			};
			name = Release;
		};
/* End XCBuildConfiguration section */

/* Begin XCConfigurationList section */
		F59A040425FBA48D00C87291 /* Build configuration list for PBXProject "Notes" */ = {
			isa = XCConfigurationList;
			buildConfigurations = (
				F59A043125FBA48E00C87291 /* Debug */,
				F59A043225FBA48E00C87291 /* Release */,
			);
			defaultConfigurationIsVisible = 0;
			defaultConfigurationName = Release;
		};
		F59A043325FBA48E00C87291 /* Build configuration list for PBXNativeTarget "Notes" */ = {
			isa = XCConfigurationList;
			buildConfigurations = (
				F59A043425FBA48E00C87291 /* Debug */,
				F59A043525FBA48E00C87291 /* Release */,
			);
			defaultConfigurationIsVisible = 0;
			defaultConfigurationName = Release;
		};
		F59A043625FBA48E00C87291 /* Build configuration list for PBXNativeTarget "NotesTests" */ = {
			isa = XCConfigurationList;
			buildConfigurations = (
				F59A043725FBA48E00C87291 /* Debug */,
				F59A043825FBA48E00C87291 /* Release */,
			);
			defaultConfigurationIsVisible = 0;
			defaultConfigurationName = Release;
		};
		F59A043925FBA48E00C87291 /* Build configuration list for PBXNativeTarget "NotesUITests" */ = {
			isa = XCConfigurationList;
			buildConfigurations = (
				F59A043A25FBA48E00C87291 /* Debug */,
				F59A043B25FBA48E00C87291 /* Release */,
			);
			defaultConfigurationIsVisible = 0;
			defaultConfigurationName = Release;
		};
/* End XCConfigurationList section */
	};
	rootObject = F59A040125FBA48D00C87291 /* Project object */;
}
